
Microsoft Visual Studio Solution File, Format Version 12.00
# Visual Studio Version 17
VisualStudioVersion = 17.14.37027.9
MinimumVisualStudioVersion = 10.0.40219.1
Project("{FAE04EC0-301F-11D3-BF4B-00C04F79EFBC}") = "Cute_Randomizer", "Cute_Randomizer.csproj", "{EFDFDB26-27F7-4D32-A2F9-B62969CFF794}"
EndProject
Project("{FAE04EC0-301F-11D3-BF4B-00C04F79EFBC}") = "Assembly-CSharp", "..\..\..\..\..\..\SteamLibrary\steamapps\common\Hollow Knight Silksong\Hollow Knight Silksong_Data\Managed\Assembly-CSharp 1.0.29926\Assembly-CSharp.csproj", "{4983A0B1-4F45-2038-C118-084BC03BE59F}"
EndProject
Project("{FAE04EC0-301F-11D3-BF4B-00C04F79EFBC}") = "PlayMaker", "..\..\..\..\..\..\SteamLibrary\steamapps\common\Hollow Knight Silksong\Hollow Knight Silksong_Data\Managed\PlayMaker 1.6.0.0\PlayMaker.csproj", "{A0582707-2765-C31E-1EB7-434061213720}"
EndProject
Global
	GlobalSection(SolutionConfigurationPlatforms) = preSolution
		Debug|Any CPU = Debug|Any CPU
		Release|Any CPU = Release|Any CPU
	EndGlobalSection
	GlobalSection(ProjectConfigurationPlatforms) = postSolution
		{EFDFDB26-27F7-4D32-A2F9-B62969CFF794}.Debug|Any CPU.ActiveCfg = Debug|Any CPU
		{EFDFDB26-27F7-4D32-A2F9-B62969CFF794}.Debug|Any CPU.Build.0 = Debug|Any CPU
		{EFDFDB26-27F7-4D32-A2F9-B62969CFF794}.Release|Any CPU.ActiveCfg = Release|Any CPU
		{EFDFDB26-27F7-4D32-A2F9-B62969CFF794}.Release|Any CPU.Build.0 = Release|Any CPU
		{4983A0B1-4F45-2038-C118-084BC03BE59F}.Debug|Any CPU.ActiveCfg = Debug|Any CPU
		{4983A0B1-4F45-2038-C118-084BC03BE59F}.Debug|Any CPU.Build.0 = Debug|Any CPU
		{4983A0B1-4F45-2038-C118-084BC03BE59F}.Release|Any CPU.ActiveCfg = Release|Any CPU
		{4983A0B1-4F45-2038-C118-084BC03BE59F}.Release|Any CPU.Build.0 = Release|Any CPU
		{A0582707-2765-C31E-1EB7-434061213720}.Debug|Any CPU.ActiveCfg = Debug|Any CPU
		{A0582707-2765-C31E-1EB7-434061213720}.Debug|Any CPU.Build.0 = Debug|Any CPU
		{A0582707-2765-C31E-1EB7-434061213720}.Release|Any CPU.ActiveCfg = Release|Any CPU
		{A0582707-2765-C31E-1EB7-434061213720}.Release|Any CPU.Build.0 = Release|Any CPU
	EndGlobalSection
	GlobalSection(SolutionProperties) = preSolution
		HideSolutionNode = FALSE
	EndGlobalSection
	GlobalSection(ExtensibilityGlobals) = postSolution
		SolutionGuid = {827F1C10-ACEB-4406-946C-846DD2C3661F}
	EndGlobalSection
EndGlobal
